
Microsoft Visual Studio Solution File, Format Version 12.00
# Visual Studio Version 17
VisualStudioVersion = 17.7.34221.43
MinimumVisualStudioVersion = 10.0.40219.1
Project("{9A19103F-16F7-4668-BE54-9A1E7A4F7556}") = "GVisionWpf", "GVisionWpf.csproj", "{8D904528-E0E4-457E-AE01-6DF7A20A5482}"
EndProject
Global
	GlobalSection(SolutionConfigurationPlatforms) = preSolution
		Debug|x64 = Debug|x64
		Release|x64 = Release|x64
	EndGlobalSection
	GlobalSection(ProjectConfigurationPlatforms) = postSolution
		{8D904528-E0E4-457E-AE01-6DF7A20A5482}.Debug|x64.ActiveCfg = Debug|x64
		{8D904528-E0E4-457E-AE01-6DF7A20A5482}.Debug|x64.Build.0 = Debug|x64
		{8D904528-E0E4-457E-AE01-6DF7A20A5482}.Release|x64.ActiveCfg = Release|x64
		{8D904528-E0E4-457E-AE01-6DF7A20A5482}.Release|x64.Build.0 = Release|x64
	EndGlobalSection
	GlobalSection(SolutionProperties) = preSolution
		HideSolutionNode = FALSE
	EndGlobalSection
	GlobalSection(ExtensibilityGlobals) = postSolution
		SolutionGuid = {B561280B-E327-44A2-84CE-A19F0E5C7FB8}
	EndGlobalSection
EndGlobal
